// !$*UTF8*$!
{
	archiveVersion = 1;
	classes = {
	};
	objectVersion = 48;
	objects = {

/* Begin PBXBuildFile section */
		3AA8F0181F33AF9D000A46C1 /* ApiClient.swift in Sources */ = {isa = PBXBuildFile; fileRef = 3AA8F0171F33AF9D000A46C1 /* ApiClient.swift */; };
		3AA8F01A1F33B11D000A46C1 /* ApiClientTests.swift in Sources */ = {isa = PBXBuildFile; fileRef = 3AA8F0191F33B11D000A46C1 /* ApiClientTests.swift */; };
		3AA8F01C1F371D22000A46C1 /* Product.swift in Sources */ = {isa = PBXBuildFile; fileRef = 3AA8F01B1F371D22000A46C1 /* Product.swift */; };
		3AAB81221F33A51600BABED9 /* AppDelegate.swift in Sources */ = {isa = PBXBuildFile; fileRef = 3AAB81211F33A51600BABED9 /* AppDelegate.swift */; };
		3AAB81241F33A51600BABED9 /* ViewController.swift in Sources */ = {isa = PBXBuildFile; fileRef = 3AAB81231F33A51600BABED9 /* ViewController.swift */; };
		3AAB81271F33A51600BABED9 /* Main.storyboard in Resources */ = {isa = PBXBuildFile; fileRef = 3AAB81251F33A51600BABED9 /* Main.storyboard */; };
		3AAB81291F33A51600BABED9 /* Assets.xcassets in Resources */ = {isa = PBXBuildFile; fileRef = 3AAB81281F33A51600BABED9 /* Assets.xcassets */; };
		3AAB812C1F33A51600BABED9 /* LaunchScreen.storyboard in Resources */ = {isa = PBXBuildFile; fileRef = 3AAB812A1F33A51600BABED9 /* LaunchScreen.storyboard */; };
		839D6B562C8997322976BB35 /* Pods_infiniteProductsTests.framework in Frameworks */ = {isa = PBXBuildFile; fileRef = 4D2D196CF410F46D10ACA8B6 /* Pods_infiniteProductsTests.framework */; };
		92201EC8611DC05317C13585 /* Pods_infiniteProducts.framework in Frameworks */ = {isa = PBXBuildFile; fileRef = A7816D015CC06E051BF12207 /* Pods_infiniteProducts.framework */; };
/* End PBXBuildFile section */

/* Begin PBXContainerItemProxy section */
		3AAB81331F33A51600BABED9 /* PBXContainerItemProxy */ = {
			isa = PBXContainerItemProxy;
			containerPortal = 3AAB81161F33A51600BABED9 /* Project object */;
			proxyType = 1;
			remoteGlobalIDString = 3AAB811D1F33A51600BABED9;
			remoteInfo = infiniteProducts;
		};
/* End PBXContainerItemProxy section */

/* Begin PBXFileReference section */
		391F4EE91DED8696FCC0F224 /* Pods-infiniteProducts.release.xcconfig */ = {isa = PBXFileReference; includeInIndex = 1; lastKnownFileType = text.xcconfig; name = "Pods-infiniteProducts.release.xcconfig"; path = "Pods/Target Support Files/Pods-infiniteProducts/Pods-infiniteProducts.release.xcconfig"; sourceTree = "<group>"; };
		3AA8F0171F33AF9D000A46C1 /* ApiClient.swift */ = {isa = PBXFileReference; lastKnownFileType = sourcecode.swift; path = ApiClient.swift; sourceTree = "<group>"; };
		3AA8F0191F33B11D000A46C1 /* ApiClientTests.swift */ = {isa = PBXFileReference; lastKnownFileType = sourcecode.swift; path = ApiClientTests.swift; sourceTree = "<group>"; };
		3AA8F01B1F371D22000A46C1 /* Product.swift */ = {isa = PBXFileReference; lastKnownFileType = sourcecode.swift; path = Product.swift; sourceTree = "<group>"; };
		3AAB811E1F33A51600BABED9 /* infiniteProducts.app */ = {isa = PBXFileReference; explicitFileType = wrapper.application; includeInIndex = 0; path = infiniteProducts.app; sourceTree = BUILT_PRODUCTS_DIR; };
		3AAB81211F33A51600BABED9 /* AppDelegate.swift */ = {isa = PBXFileReference; lastKnownFileType = sourcecode.swift; path = AppDelegate.swift; sourceTree = "<group>"; };
		3AAB81231F33A51600BABED9 /* ViewController.swift */ = {isa = PBXFileReference; lastKnownFileType = sourcecode.swift; path = ViewController.swift; sourceTree = "<group>"; };
		3AAB81261F33A51600BABED9 /* Base */ = {isa = PBXFileReference; lastKnownFileType = file.storyboard; name = Base; path = Base.lproj/Main.storyboard; sourceTree = "<group>"; };
		3AAB81281F33A51600BABED9 /* Assets.xcassets */ = {isa = PBXFileReference; lastKnownFileType = folder.assetcatalog; path = Assets.xcassets; sourceTree = "<group>"; };
		3AAB812B1F33A51600BABED9 /* Base */ = {isa = PBXFileReference; lastKnownFileType = file.storyboard; name = Base; path = Base.lproj/LaunchScreen.storyboard; sourceTree = "<group>"; };
		3AAB812D1F33A51600BABED9 /* Info.plist */ = {isa = PBXFileReference; lastKnownFileType = text.plist.xml; path = Info.plist; sourceTree = "<group>"; };
		3AAB81321F33A51600BABED9 /* infiniteProductsTests.xctest */ = {isa = PBXFileReference; explicitFileType = wrapper.cfbundle; includeInIndex = 0; path = infiniteProductsTests.xctest; sourceTree = BUILT_PRODUCTS_DIR; };
		3AAB81381F33A51600BABED9 /* Info.plist */ = {isa = PBXFileReference; lastKnownFileType = text.plist.xml; path = Info.plist; sourceTree = "<group>"; };
		499582167D3923F4EAD22504 /* Pods-infiniteProducts.debug.xcconfig */ = {isa = PBXFileReference; includeInIndex = 1; lastKnownFileType = text.xcconfig; name = "Pods-infiniteProducts.debug.xcconfig"; path = "Pods/Target Support Files/Pods-infiniteProducts/Pods-infiniteProducts.debug.xcconfig"; sourceTree = "<group>"; };
		4D2D196CF410F46D10ACA8B6 /* Pods_infiniteProductsTests.framework */ = {isa = PBXFileReference; explicitFileType = wrapper.framework; includeInIndex = 0; path = Pods_infiniteProductsTests.framework; sourceTree = BUILT_PRODUCTS_DIR; };
		698A57432D3CE915287F1EB5 /* Pods-infiniteProductsTests.release.xcconfig */ = {isa = PBXFileReference; includeInIndex = 1; lastKnownFileType = text.xcconfig; name = "Pods-infiniteProductsTests.release.xcconfig"; path = "Pods/Target Support Files/Pods-infiniteProductsTests/Pods-infiniteProductsTests.release.xcconfig"; sourceTree = "<group>"; };
		8D49EEFC95F0DE5047EE8F87 /* Pods-infiniteProductsTests.debug.xcconfig */ = {isa = PBXFileReference; includeInIndex = 1; lastKnownFileType = text.xcconfig; name = "Pods-infiniteProductsTests.debug.xcconfig"; path = "Pods/Target Support Files/Pods-infiniteProductsTests/Pods-infiniteProductsTests.debug.xcconfig"; sourceTree = "<group>"; };
		A7816D015CC06E051BF12207 /* Pods_infiniteProducts.framework */ = {isa = PBXFileReference; explicitFileType = wrapper.framework; includeInIndex = 0; path = Pods_infiniteProducts.framework; sourceTree = BUILT_PRODUCTS_DIR; };
/* End PBXFileReference section */

/* Begin PBXFrameworksBuildPhase section */
		3AAB811B1F33A51600BABED9 /* Frameworks */ = {
			isa = PBXFrameworksBuildPhase;
			buildActionMask = 2147483647;
			files = (
				92201EC8611DC05317C13585 /* Pods_infiniteProducts.framework in Frameworks */,
			);
			runOnlyForDeploymentPostprocessing = 0;
		};
		3AAB812F1F33A51600BABED9 /* Frameworks */ = {
			isa = PBXFrameworksBuildPhase;
			buildActionMask = 2147483647;
			files = (
				839D6B562C8997322976BB35 /* Pods_infiniteProductsTests.framework in Frameworks */,
			);
			runOnlyForDeploymentPostprocessing = 0;
		};
/* End PBXFrameworksBuildPhase section */

/* Begin PBXGroup section */
		3AA8F0161F33AF7F000A46C1 /* ProductListing */ = {
			isa = PBXGroup;
			children = (
				3AA8F0171F33AF9D000A46C1 /* ApiClient.swift */,
				3AA8F01B1F371D22000A46C1 /* Product.swift */,
			);
			path = ProductListing;
			sourceTree = "<group>";
		};
		3AAB81151F33A51600BABED9 = {
			isa = PBXGroup;
			children = (
				3AAB81201F33A51600BABED9 /* infiniteProducts */,
				3AAB81351F33A51600BABED9 /* infiniteProductsTests */,
				3AAB811F1F33A51600BABED9 /* Products */,
				FACFDC54EE32E3D89333DCD8 /* Pods */,
				E9C9BE721391F4E05A4A3F6F /* Frameworks */,
			);
			sourceTree = "<group>";
		};
		3AAB811F1F33A51600BABED9 /* Products */ = {
			isa = PBXGroup;
			children = (
				3AAB811E1F33A51600BABED9 /* infiniteProducts.app */,
				3AAB81321F33A51600BABED9 /* infiniteProductsTests.xctest */,
			);
			name = Products;
			sourceTree = "<group>";
		};
		3AAB81201F33A51600BABED9 /* infiniteProducts */ = {
			isa = PBXGroup;
			children = (
				3AA8F0161F33AF7F000A46C1 /* ProductListing */,
				3AAB81211F33A51600BABED9 /* AppDelegate.swift */,
				3AAB81231F33A51600BABED9 /* ViewController.swift */,
				3AAB81251F33A51600BABED9 /* Main.storyboard */,
				3AAB81281F33A51600BABED9 /* Assets.xcassets */,
				3AAB812A1F33A51600BABED9 /* LaunchScreen.storyboard */,
				3AAB812D1F33A51600BABED9 /* Info.plist */,
			);
			path = infiniteProducts;
			sourceTree = "<group>";
		};
		3AAB81351F33A51600BABED9 /* infiniteProductsTests */ = {
			isa = PBXGroup;
			children = (
				3AAB81381F33A51600BABED9 /* Info.plist */,
				3AA8F0191F33B11D000A46C1 /* ApiClientTests.swift */,
			);
			path = infiniteProductsTests;
			sourceTree = "<group>";
		};
		E9C9BE721391F4E05A4A3F6F /* Frameworks */ = {
			isa = PBXGroup;
			children = (
				A7816D015CC06E051BF12207 /* Pods_infiniteProducts.framework */,
				4D2D196CF410F46D10ACA8B6 /* Pods_infiniteProductsTests.framework */,
			);
			name = Frameworks;
			sourceTree = "<group>";
		};
		FACFDC54EE32E3D89333DCD8 /* Pods */ = {
			isa = PBXGroup;
			children = (
				499582167D3923F4EAD22504 /* Pods-infiniteProducts.debug.xcconfig */,
				391F4EE91DED8696FCC0F224 /* Pods-infiniteProducts.release.xcconfig */,
				8D49EEFC95F0DE5047EE8F87 /* Pods-infiniteProductsTests.debug.xcconfig */,
				698A57432D3CE915287F1EB5 /* Pods-infiniteProductsTests.release.xcconfig */,
			);
			name = Pods;
			sourceTree = "<group>";
		};
/* End PBXGroup section */

/* Begin PBXNativeTarget section */
		3AAB811D1F33A51600BABED9 /* infiniteProducts */ = {
			isa = PBXNativeTarget;
			buildConfigurationList = 3AAB813B1F33A51600BABED9 /* Build configuration list for PBXNativeTarget "infiniteProducts" */;
			buildPhases = (
				BC768A68C52A477B8032F58A /* [CP] Check Pods Manifest.lock */,
				3AAB811A1F33A51600BABED9 /* Sources */,
				3AAB811B1F33A51600BABED9 /* Frameworks */,
				3AAB811C1F33A51600BABED9 /* Resources */,
				36D1F0EA6BF1E88CFDDA64D4 /* [CP] Embed Pods Frameworks */,
				099F2AF4B06A7FB5057ACAA1 /* [CP] Copy Pods Resources */,
			);
			buildRules = (
			);
			dependencies = (
			);
			name = infiniteProducts;
			productName = infiniteProducts;
			productReference = 3AAB811E1F33A51600BABED9 /* infiniteProducts.app */;
			productType = "com.apple.product-type.application";
		};
		3AAB81311F33A51600BABED9 /* infiniteProductsTests */ = {
			isa = PBXNativeTarget;
			buildConfigurationList = 3AAB813E1F33A51600BABED9 /* Build configuration list for PBXNativeTarget "infiniteProductsTests" */;
			buildPhases = (
				2B7C1448216F6E6A482E124D /* [CP] Check Pods Manifest.lock */,
				3AAB812E1F33A51600BABED9 /* Sources */,
				3AAB812F1F33A51600BABED9 /* Frameworks */,
				3AAB81301F33A51600BABED9 /* Resources */,
				E077CE5A719487CEC6464D00 /* [CP] Embed Pods Frameworks */,
				009178A19CFBAC078276468B /* [CP] Copy Pods Resources */,
			);
			buildRules = (
			);
			dependencies = (
				3AAB81341F33A51600BABED9 /* PBXTargetDependency */,
			);
			name = infiniteProductsTests;
			productName = infiniteProductsTests;
			productReference = 3AAB81321F33A51600BABED9 /* infiniteProductsTests.xctest */;
			productType = "com.apple.product-type.bundle.unit-test";
		};
/* End PBXNativeTarget section */

/* Begin PBXProject section */
		3AAB81161F33A51600BABED9 /* Project object */ = {
			isa = PBXProject;
			attributes = {
				LastSwiftUpdateCheck = 0900;
				LastUpgradeCheck = 0900;
				ORGANIZATIONNAME = "Eren Kabakci";
				TargetAttributes = {
					3AAB811D1F33A51600BABED9 = {
						CreatedOnToolsVersion = 9.0;
					};
					3AAB81311F33A51600BABED9 = {
						CreatedOnToolsVersion = 9.0;
						TestTargetID = 3AAB811D1F33A51600BABED9;
					};
				};
			};
			buildConfigurationList = 3AAB81191F33A51600BABED9 /* Build configuration list for PBXProject "infiniteProducts" */;
			compatibilityVersion = "Xcode 8.0";
			developmentRegion = en;
			hasScannedForEncodings = 0;
			knownRegions = (
				en,
				Base,
			);
			mainGroup = 3AAB81151F33A51600BABED9;
			productRefGroup = 3AAB811F1F33A51600BABED9 /* Products */;
			projectDirPath = "";
			projectRoot = "";
			targets = (
				3AAB811D1F33A51600BABED9 /* infiniteProducts */,
				3AAB81311F33A51600BABED9 /* infiniteProductsTests */,
			);
		};
/* End PBXProject section */

/* Begin PBXResourcesBuildPhase section */
		3AAB811C1F33A51600BABED9 /* Resources */ = {
			isa = PBXResourcesBuildPhase;
			buildActionMask = 2147483647;
			files = (
				3AAB812C1F33A51600BABED9 /* LaunchScreen.storyboard in Resources */,
				3AAB81291F33A51600BABED9 /* Assets.xcassets in Resources */,
				3AAB81271F33A51600BABED9 /* Main.storyboard in Resources */,
			);
			runOnlyForDeploymentPostprocessing = 0;
		};
		3AAB81301F33A51600BABED9 /* Resources */ = {
			isa = PBXResourcesBuildPhase;
			buildActionMask = 2147483647;
			files = (
			);
			runOnlyForDeploymentPostprocessing = 0;
		};
/* End PBXResourcesBuildPhase section */

/* Begin PBXShellScriptBuildPhase section */
		009178A19CFBAC078276468B /* [CP] Copy Pods Resources */ = {
			isa = PBXShellScriptBuildPhase;
			buildActionMask = 2147483647;
			files = (
			);
			inputPaths = (
			);
			name = "[CP] Copy Pods Resources";
			outputPaths = (
			);
			runOnlyForDeploymentPostprocessing = 0;
			shellPath = /bin/sh;
			shellScript = "\"${SRCROOT}/Pods/Target Support Files/Pods-infiniteProductsTests/Pods-infiniteProductsTests-resources.sh\"\n";
			showEnvVarsInLog = 0;
		};
		099F2AF4B06A7FB5057ACAA1 /* [CP] Copy Pods Resources */ = {
			isa = PBXShellScriptBuildPhase;
			buildActionMask = 2147483647;
			files = (
			);
			inputPaths = (
			);
			name = "[CP] Copy Pods Resources";
			outputPaths = (
			);
			runOnlyForDeploymentPostprocessing = 0;
			shellPath = /bin/sh;
			shellScript = "\"${SRCROOT}/Pods/Target Support Files/Pods-infiniteProducts/Pods-infiniteProducts-resources.sh\"\n";
			showEnvVarsInLog = 0;
		};
		2B7C1448216F6E6A482E124D /* [CP] Check Pods Manifest.lock */ = {
			isa = PBXShellScriptBuildPhase;
			buildActionMask = 2147483647;
			files = (
			);
			inputPaths = (
			);
			name = "[CP] Check Pods Manifest.lock";
			outputPaths = (
			);
			runOnlyForDeploymentPostprocessing = 0;
			shellPath = /bin/sh;
			shellScript = "diff \"${PODS_ROOT}/../Podfile.lock\" \"${PODS_ROOT}/Manifest.lock\" > /dev/null\nif [ $? != 0 ] ; then\n    # print error to STDERR\n    echo \"error: The sandbox is not in sync with the Podfile.lock. Run 'pod install' or update your CocoaPods installation.\" >&2\n    exit 1\nfi\n";
			showEnvVarsInLog = 0;
		};
		36D1F0EA6BF1E88CFDDA64D4 /* [CP] Embed Pods Frameworks */ = {
			isa = PBXShellScriptBuildPhase;
			buildActionMask = 2147483647;
			files = (
			);
			inputPaths = (
			);
			name = "[CP] Embed Pods Frameworks";
			outputPaths = (
			);
			runOnlyForDeploymentPostprocessing = 0;
			shellPath = /bin/sh;
			shellScript = "\"${SRCROOT}/Pods/Target Support Files/Pods-infiniteProducts/Pods-infiniteProducts-frameworks.sh\"\n";
			showEnvVarsInLog = 0;
		};
		BC768A68C52A477B8032F58A /* [CP] Check Pods Manifest.lock */ = {
			isa = PBXShellScriptBuildPhase;
			buildActionMask = 2147483647;
			files = (
			);
			inputPaths = (
			);
			name = "[CP] Check Pods Manifest.lock";
			outputPaths = (
			);
			runOnlyForDeploymentPostprocessing = 0;
			shellPath = /bin/sh;
			shellScript = "diff \"${PODS_ROOT}/../Podfile.lock\" \"${PODS_ROOT}/Manifest.lock\" > /dev/null\nif [ $? != 0 ] ; then\n    # print error to STDERR\n    echo \"error: The sandbox is not in sync with the Podfile.lock. Run 'pod install' or update your CocoaPods installation.\" >&2\n    exit 1\nfi\n";
			showEnvVarsInLog = 0;
		};
		E077CE5A719487CEC6464D00 /* [CP] Embed Pods Frameworks */ = {
			isa = PBXShellScriptBuildPhase;
			buildActionMask = 2147483647;
			files = (
			);
			inputPaths = (
			);
			name = "[CP] Embed Pods Frameworks";
			outputPaths = (
			);
			runOnlyForDeploymentPostprocessing = 0;
			shellPath = /bin/sh;
			shellScript = "\"${SRCROOT}/Pods/Target Support Files/Pods-infiniteProductsTests/Pods-infiniteProductsTests-frameworks.sh\"\n";
			showEnvVarsInLog = 0;
		};
/* End PBXShellScriptBuildPhase section */

/* Begin PBXSourcesBuildPhase section */
		3AAB811A1F33A51600BABED9 /* Sources */ = {
			isa = PBXSourcesBuildPhase;
			buildActionMask = 2147483647;
			files = (
				3AAB81241F33A51600BABED9 /* ViewController.swift in Sources */,
				3AA8F01C1F371D22000A46C1 /* Product.swift in Sources */,
				3AAB81221F33A51600BABED9 /* AppDelegate.swift in Sources */,
				3AA8F0181F33AF9D000A46C1 /* ApiClient.swift in Sources */,
			);
			runOnlyForDeploymentPostprocessing = 0;
		};
		3AAB812E1F33A51600BABED9 /* Sources */ = {
			isa = PBXSourcesBuildPhase;
			buildActionMask = 2147483647;
			files = (
				3AA8F01A1F33B11D000A46C1 /* ApiClientTests.swift in Sources */,
			);
			runOnlyForDeploymentPostprocessing = 0;
		};
/* End PBXSourcesBuildPhase section */

/* Begin PBXTargetDependency section */
		3AAB81341F33A51600BABED9 /* PBXTargetDependency */ = {
			isa = PBXTargetDependency;
			target = 3AAB811D1F33A51600BABED9 /* infiniteProducts */;
			targetProxy = 3AAB81331F33A51600BABED9 /* PBXContainerItemProxy */;
		};
/* End PBXTargetDependency section */

/* Begin PBXVariantGroup section */
		3AAB81251F33A51600BABED9 /* Main.storyboard */ = {
			isa = PBXVariantGroup;
			children = (
				3AAB81261F33A51600BABED9 /* Base */,
			);
			name = Main.storyboard;
			sourceTree = "<group>";
		};
		3AAB812A1F33A51600BABED9 /* LaunchScreen.storyboard */ = {
			isa = PBXVariantGroup;
			children = (
				3AAB812B1F33A51600BABED9 /* Base */,
			);
			name = LaunchScreen.storyboard;
			sourceTree = "<group>";
		};
/* End PBXVariantGroup section */

/* Begin XCBuildConfiguration section */
		3AAB81391F33A51600BABED9 /* Debug */ = {
			isa = XCBuildConfiguration;
			buildSettings = {
				ALWAYS_SEARCH_USER_PATHS = NO;
				CLANG_ANALYZER_NONNULL = YES;
				CLANG_ANALYZER_NUMBER_OBJECT_CONVERSION = YES_AGGRESSIVE;
				CLANG_CXX_LANGUAGE_STANDARD = "gnu++14";
				CLANG_CXX_LIBRARY = "libc++";
				CLANG_ENABLE_MODULES = YES;
				CLANG_ENABLE_OBJC_ARC = YES;
				CLANG_WARN_BLOCK_CAPTURE_AUTORELEASING = YES;
				CLANG_WARN_BOOL_CONVERSION = YES;
				CLANG_WARN_COMMA = YES;
				CLANG_WARN_CONSTANT_CONVERSION = YES;
				CLANG_WARN_DIRECT_OBJC_ISA_USAGE = YES_ERROR;
				CLANG_WARN_DOCUMENTATION_COMMENTS = YES;
				CLANG_WARN_EMPTY_BODY = YES;
				CLANG_WARN_ENUM_CONVERSION = YES;
				CLANG_WARN_INFINITE_RECURSION = YES;
				CLANG_WARN_INT_CONVERSION = YES;
				CLANG_WARN_NON_LITERAL_NULL_CONVERSION = YES;
				CLANG_WARN_OBJC_LITERAL_CONVERSION = YES;
				CLANG_WARN_OBJC_ROOT_CLASS = YES_ERROR;
				CLANG_WARN_RANGE_LOOP_ANALYSIS = YES;
				CLANG_WARN_STRICT_PROTOTYPES = YES;
				CLANG_WARN_SUSPICIOUS_MOVE = YES;
				CLANG_WARN_UNGUARDED_AVAILABILITY = YES_AGGRESSIVE;
				CLANG_WARN_UNREACHABLE_CODE = YES;
				CLANG_WARN__DUPLICATE_METHOD_MATCH = YES;
				CODE_SIGN_IDENTITY = "iPhone Developer";
				COPY_PHASE_STRIP = NO;
				DEBUG_INFORMATION_FORMAT = dwarf;
				ENABLE_STRICT_OBJC_MSGSEND = YES;
				ENABLE_TESTABILITY = YES;
				GCC_C_LANGUAGE_STANDARD = gnu11;
				GCC_DYNAMIC_NO_PIC = NO;
				GCC_NO_COMMON_BLOCKS = YES;
				GCC_OPTIMIZATION_LEVEL = 0;
				GCC_PREPROCESSOR_DEFINITIONS = (
					"DEBUG=1",
					"$(inherited)",
				);
				GCC_WARN_64_TO_32_BIT_CONVERSION = YES;
				GCC_WARN_ABOUT_RETURN_TYPE = YES_ERROR;
				GCC_WARN_UNDECLARED_SELECTOR = YES;
				GCC_WARN_UNINITIALIZED_AUTOS = YES_AGGRESSIVE;
				GCC_WARN_UNUSED_FUNCTION = YES;
				GCC_WARN_UNUSED_VARIABLE = YES;
				IPHONEOS_DEPLOYMENT_TARGET = 11.0;
				MTL_ENABLE_DEBUG_INFO = YES;
				ONLY_ACTIVE_ARCH = YES;
				SDKROOT = iphoneos;
				SWIFT_ACTIVE_COMPILATION_CONDITIONS = DEBUG;
				SWIFT_OPTIMIZATION_LEVEL = "-Onone";
			};
			name = Debug;
		};
		3AAB813A1F33A51600BABED9 /* Release */ = {
			isa = XCBuildConfiguration;
			buildSettings = {
				ALWAYS_SEARCH_USER_PATHS = NO;
				CLANG_ANALYZER_NONNULL = YES;
				CLANG_ANALYZER_NUMBER_OBJECT_CONVERSION = YES_AGGRESSIVE;
				CLANG_CXX_LANGUAGE_STANDARD = "gnu++14";
				CLANG_CXX_LIBRARY = "libc++";
				CLANG_ENABLE_MODULES = YES;
				CLANG_ENABLE_OBJC_ARC = YES;
				CLANG_WARN_BLOCK_CAPTURE_AUTORELEASING = YES;
				CLANG_WARN_BOOL_CONVERSION = YES;
				CLANG_WARN_COMMA = YES;
				CLANG_WARN_CONSTANT_CONVERSION = YES;
				CLANG_WARN_DIRECT_OBJC_ISA_USAGE = YES_ERROR;
				CLANG_WARN_DOCUMENTATION_COMMENTS = YES;
				CLANG_WARN_EMPTY_BODY = YES;
				CLANG_WARN_ENUM_CONVERSION = YES;
				CLANG_WARN_INFINITE_RECURSION = YES;
				CLANG_WARN_INT_CONVERSION = YES;
				CLANG_WARN_NON_LITERAL_NULL_CONVERSION = YES;
				CLANG_WARN_OBJC_LITERAL_CONVERSION = YES;
				CLANG_WARN_OBJC_ROOT_CLASS = YES_ERROR;
				CLANG_WARN_RANGE_LOOP_ANALYSIS = YES;
				CLANG_WARN_STRICT_PROTOTYPES = YES;
				CLANG_WARN_SUSPICIOUS_MOVE = YES;
				CLANG_WARN_UNGUARDED_AVAILABILITY = YES_AGGRESSIVE;
				CLANG_WARN_UNREACHABLE_CODE = YES;
				CLANG_WARN__DUPLICATE_METHOD_MATCH = YES;
				CODE_SIGN_IDENTITY = "iPhone Developer";
				COPY_PHASE_STRIP = NO;
				DEBUG_INFORMATION_FORMAT = "dwarf-with-dsym";
				ENABLE_NS_ASSERTIONS = NO;
				ENABLE_STRICT_OBJC_MSGSEND = YES;
				GCC_C_LANGUAGE_STANDARD = gnu11;
				GCC_NO_COMMON_BLOCKS = YES;
				GCC_WARN_64_TO_32_BIT_CONVERSION = YES;
				GCC_WARN_ABOUT_RETURN_TYPE = YES_ERROR;
				GCC_WARN_UNDECLARED_SELECTOR = YES;
				GCC_WARN_UNINITIALIZED_AUTOS = YES_AGGRESSIVE;
				GCC_WARN_UNUSED_FUNCTION = YES;
				GCC_WARN_UNUSED_VARIABLE = YES;
				IPHONEOS_DEPLOYMENT_TARGET = 11.0;
				MTL_ENABLE_DEBUG_INFO = NO;
				SDKROOT = iphoneos;
				SWIFT_OPTIMIZATION_LEVEL = "-Owholemodule";
				VALIDATE_PRODUCT = YES;
			};
			name = Release;
		};
		3AAB813C1F33A51600BABED9 /* Debug */ = {
			isa = XCBuildConfiguration;
			baseConfigurationReference = 499582167D3923F4EAD22504 /* Pods-infiniteProducts.debug.xcconfig */;
			buildSettings = {
				ASSETCATALOG_COMPILER_APPICON_NAME = AppIcon;
				INFOPLIST_FILE = infiniteProducts/Info.plist;
				LD_RUNPATH_SEARCH_PATHS = "$(inherited) @executable_path/Frameworks";
				PRODUCT_BUNDLE_IDENTIFIER = com.erenkabakci.infiniteProducts;
				PRODUCT_NAME = "$(TARGET_NAME)";
				SWIFT_VERSION = 3.0;
				TARGETED_DEVICE_FAMILY = "1,2";
			};
			name = Debug;
		};
		3AAB813D1F33A51600BABED9 /* Release */ = {
			isa = XCBuildConfiguration;
			baseConfigurationReference = 391F4EE91DED8696FCC0F224 /* Pods-infiniteProducts.release.xcconfig */;
			buildSettings = {
				ASSETCATALOG_COMPILER_APPICON_NAME = AppIcon;
				INFOPLIST_FILE = infiniteProducts/Info.plist;
				LD_RUNPATH_SEARCH_PATHS = "$(inherited) @executable_path/Frameworks";
				PRODUCT_BUNDLE_IDENTIFIER = com.erenkabakci.infiniteProducts;
				PRODUCT_NAME = "$(TARGET_NAME)";
				SWIFT_VERSION = 3.0;
				TARGETED_DEVICE_FAMILY = "1,2";
			};
			name = Release;
		};
		3AAB813F1F33A51600BABED9 /* Debug */ = {
			isa = XCBuildConfiguration;
			baseConfigurationReference = 8D49EEFC95F0DE5047EE8F87 /* Pods-infiniteProductsTests.debug.xcconfig */;
			buildSettings = {
				ALWAYS_EMBED_SWIFT_STANDARD_LIBRARIES = YES;
				BUNDLE_LOADER = "$(TEST_HOST)";
				INFOPLIST_FILE = infiniteProductsTests/Info.plist;
				LD_RUNPATH_SEARCH_PATHS = "$(inherited) @executable_path/Frameworks @loader_path/Frameworks";
				PRODUCT_BUNDLE_IDENTIFIER = com.erenkabakci.infiniteProductsTests;
				PRODUCT_NAME = "$(TARGET_NAME)";
				SWIFT_VERSION = 4.0;
				TARGETED_DEVICE_FAMILY = "1,2";
				TEST_HOST = "$(BUILT_PRODUCTS_DIR)/infiniteProducts.app/infiniteProducts";
			};
			name = Debug;
		};
		3AAB81401F33A51600BABED9 /* Release */ = {
			isa = XCBuildConfiguration;
			baseConfigurationReference = 698A57432D3CE915287F1EB5 /* Pods-infiniteProductsTests.release.xcconfig */;
			buildSettings = {
				ALWAYS_EMBED_SWIFT_STANDARD_LIBRARIES = YES;
				BUNDLE_LOADER = "$(TEST_HOST)";
				INFOPLIST_FILE = infiniteProductsTests/Info.plist;
				LD_RUNPATH_SEARCH_PATHS = "$(inherited) @executable_path/Frameworks @loader_path/Frameworks";
				PRODUCT_BUNDLE_IDENTIFIER = com.erenkabakci.infiniteProductsTests;
				PRODUCT_NAME = "$(TARGET_NAME)";
				SWIFT_VERSION = 4.0;
				TARGETED_DEVICE_FAMILY = "1,2";
				TEST_HOST = "$(BUILT_PRODUCTS_DIR)/infiniteProducts.app/infiniteProducts";
			};
			name = Release;
		};
/* End XCBuildConfiguration section */

/* Begin XCConfigurationList section */
		3AAB81191F33A51600BABED9 /* Build configuration list for PBXProject "infiniteProducts" */ = {
			isa = XCConfigurationList;
			buildConfigurations = (
				3AAB81391F33A51600BABED9 /* Debug */,
				3AAB813A1F33A51600BABED9 /* Release */,
			);
			defaultConfigurationIsVisible = 0;
			defaultConfigurationName = Release;
		};
		3AAB813B1F33A51600BABED9 /* Build configuration list for PBXNativeTarget "infiniteProducts" */ = {
			isa = XCConfigurationList;
			buildConfigurations = (
				3AAB813C1F33A51600BABED9 /* Debug */,
				3AAB813D1F33A51600BABED9 /* Release */,
			);
			defaultConfigurationIsVisible = 0;
			defaultConfigurationName = Release;
		};
		3AAB813E1F33A51600BABED9 /* Build configuration list for PBXNativeTarget "infiniteProductsTests" */ = {
			isa = XCConfigurationList;
			buildConfigurations = (
				3AAB813F1F33A51600BABED9 /* Debug */,
				3AAB81401F33A51600BABED9 /* Release */,
			);
			defaultConfigurationIsVisible = 0;
			defaultConfigurationName = Release;
		};
/* End XCConfigurationList section */
	};
	rootObject = 3AAB81161F33A51600BABED9 /* Project object */;
}
